PODS:
  - AutoScrollCollectionView (1.0.1)

DEPENDENCIES:
  - AutoScrollCollectionView (from `../`)

EXTERNAL SOURCES:
  AutoScrollCollectionView:
    :path: "../"

SPEC CHECKSUMS:
  AutoScrollCollectionView: 4de7cf300f6dda25d7614b701d4e707f7236f9e2

PODFILE CHECKSUM: d375917036772d0aa3843575a3107712823d223f

COCOAPODS: 1.9.1
